dependencies:
  atanisoft/esp_lcd_ili9488:
    component_hash: 7d649c3d78204fe27d398775c2f26362b010a13fb34580aedeed6e77e8d2074a
    dependencies:
    - name: idf
      require: private
      version: '>=4.4.2'
    source:
      registry_url: https://components.espressif.com/
      type: service
    version: 1.0.11
  cfscn/esp_lcd_touch_ft6x36:
    component_hash: 19c3660866563c6a7d04c66ffef7099bcb57cd4c4766072bbd99b73762850f9a
    dependencies:
    - name: espressif/esp_lcd_touch
      registry_url: https://components.espressif.com
      require: public
      version: ^1.0.4
    - name: idf
      require: private
      version: '>=4.4.2'
    source:
      registry_url: https://components.espressif.com/
      type: service
    version: 1.0.8
  chmorgan/esp-audio-player:
    component_hash: c8ac1998e9af863bc41b57e592f88d1a5791a0f891485122336ddabbf7a65033
    dependencies:
    - name: chmorgan/esp-libhelix-mp3
      registry_url: https://components.espressif.com
      require: private
      version: '>=1.0.0,<2.0.0'
    - name: idf
      require: private
      version: '>=5.0'
    source:
      registry_url: https://components.espressif.com/
      type: service
    version: 1.0.7
  chmorgan/esp-libhelix-mp3:
    component_hash: cbb76089dc2c5749f7b470e2e70aedc44c9da519e04eb9a67d4c7ec275229e53
    dependencies:
    - name: idf
      require: private
      version: '>=4.1.0'
    source:
      registry_url: https://components.espressif.com
      type: service
    version: 1.0.3
  espressif/cmake_utilities:
    component_hash: 351350613ceafba240b761b4ea991e0f231ac7a9f59a9ee901f751bddc0bb18f
    dependencies:
    - name: idf
      require: private
      version: '>=4.1'
    source:
      registry_url: https://components.espressif.com
      type: service
    version: 0.5.3
  espressif/esp_io_expander:
    component_hash: fbc0de4082fc7c207dc98a93a0ed83d1a929a4ecee83cc567afb406f3ee6d4a6
    dependencies:
    - name: idf
      require: private
      version: '>=4.4.2'
    source:
      registry_url: https://components.espressif.com
      type: service
    version: 1.0.1
  espressif/esp_lcd_panel_io_additions:
    component_hash: 213d5c4a3c322a48c9f993d6bc2372206d34af95db34e87a3e02601bdcad7ce8
    dependencies:
    - name: idf
      require: private
      version: '>=4.4.2'
    - name: espressif/cmake_utilities
      registry_url: https://components.espressif.com
      require: private
      version: 0.*
    - name: espressif/esp_io_expander
      registry_url: https://components.espressif.com
      require: public
      version: ^1
    source:
      registry_url: https://components.espressif.com/
      type: service
    version: 1.0.1
  espressif/esp_lcd_st7701:
    component_hash: f3efa3c4ab8638f8de4ad4301f6b6155f7dfb09fb441061d15f201ea7a548f77
    dependencies:
    - name: espressif/cmake_utilities
      registry_url: https://components.espressif.com
      require: private
      version: 0.*
    - name: idf
      require: private
      version: '>5.0.4,!=5.1.1'
    source:
      registry_url: https://components.espressif.com/
      type: service
    targets:
    - esp32s3
    - esp32p4
    version: 1.1.4
  espressif/esp_lcd_touch:
    component_hash: 779b4ba2464a3ae85681e4b860caa5fdc35801458c23f3039ee761bae7f442a4
    dependencies:
    - name: idf
      require: private
      version: '>=4.4.2'
    source:
      registry_url: https://components.espressif.com
      type: service
    version: 1.1.2
  espressif/esp_lcd_touch_ft5x06:
    component_hash: abaec05f46a793549b60afdda9eff86e3c8e87782c8c169007911232388d2858
    dependencies:
    - name: espressif/esp_lcd_touch
      registry_url: https://components.espressif.com
      require: public
      version: ^1.0.4
    - name: idf
      require: private
      version: '>=4.4.2'
    source:
      registry_url: https://components.espressif.com/
      type: service
    version: 1.0.7
  espressif/esp_lcd_touch_gt911:
    component_hash: acc1c184358aa29ef72506f618c9c76a8cc2bf12af38a2bff3d44d84f3a08857
    dependencies:
    - name: espressif/esp_lcd_touch
      registry_url: https://components.espressif.com
      require: public
      version: ^1.1.0
    - name: idf
      require: private
      version: '>=4.4.2'
    source:
      registry_url: https://components.espressif.com/
      type: service
    version: 1.1.3
  espressif/esp_lvgl_port:
    component_hash: bfb2778c063b05a6c47c1a8de6d166ee4d911bc86fe0b3ff9e6bab06d2812033
    dependencies:
    - name: idf
      require: private
      version: '>=5.1'
    - name: lvgl/lvgl
      registry_url: https://components.espressif.com
      require: public
      version: '>=8,<10'
    source:
      registry_url: https://components.espressif.com/
      type: service
    version: 2.6.2
  idf:
    source:
      type: idf
    version: 5.4.2
  lvgl/lvgl:
    component_hash: b702d642e03e95928046d5c6726558e6444e112420c77efa5fdb6650b0a13c5d
    dependencies: []
    source:
      registry_url: https://components.espressif.com/
      type: service
    version: 9.3.0
  protocol_examples_common:
    dependencies: []
    source:
      path: C:\Users\mail\esp\v5.4.2\esp-idf\examples\common_components\protocol_examples_common
      type: local
    version: '*'
  waveshare/esp_lcd_sh8601:
    component_hash: 1a2829e9db4e0515bad6ce83368f199dec60519fbba40251d6c8249f5d070ae1
    dependencies:
    - name: espressif/cmake_utilities
      registry_url: https://components.espressif.com
      require: private
      version: 0.*
    - name: idf
      require: private
      version: '>=5.3'
    source:
      registry_url: https://components.espressif.com/
      type: service
    version: 1.0.2
  waveshare/pcf85063a:
    component_hash: 7e1a2a705bc8c9e9104d8835903f24b11ef52f351f0634afc7bb78783234f339
    dependencies:
    - name: idf
      require: private
      version: '>=5.3.2'
    source:
      registry_url: https://components.espressif.com/
      type: service
    version: 1.0.1
  waveshare/qmi8658:
    component_hash: 0f849356dfdcd3c868ad37a74a2cbb00892c69b3b1b18854172715f6eb980e5b
    dependencies:
    - name: idf
      require: private
      version: '>=5.3.2'
    source:
      registry_url: https://components.espressif.com/
      type: service
    version: 1.0.1
direct_dependencies:
- atanisoft/esp_lcd_ili9488
- cfscn/esp_lcd_touch_ft6x36
- chmorgan/esp-audio-player
- espressif/esp_lcd_panel_io_additions
- espressif/esp_lcd_st7701
- espressif/esp_lcd_touch_ft5x06
- espressif/esp_lcd_touch_gt911
- espressif/esp_lvgl_port
- idf
- lvgl/lvgl
- protocol_examples_common
- waveshare/esp_lcd_sh8601
- waveshare/pcf85063a
- waveshare/qmi8658
manifest_hash: 6cd2900f9c54e94365d3f63e0d131e8b9c29cc4de88d1d0c66bb39891f88c0cb
target: esp32s3
version: 2.0.0
